{
  "nodes": {
    "flake-compat": {
      "flake": false,
      "locked": {
        "lastModified": 1733328505,
        "narHash": "sha256-NeCCThCEP3eCl2l/+27kNNK7QrwZB1IJCrXfrbv5oqU=",
        "owner": "edolstra",
        "repo": "flake-compat",
        "rev": "ff81ac966bb2cae68946d5ed5fc4994f96d0ffec",
        "type": "github"
      },
      "original": {
        "owner": "edolstra",
        "repo": "flake-compat",
        "type": "github"
      }
    },
    "home-manager": {
      "inputs": {
        "nixpkgs": [
          "nixpkgs"
        ]
      },
      "locked": {
        "lastModified": 1741345870,
        "narHash": "sha256-KTpoO4oaucdFr3oJJBYpGK+aWVVrLvtiT17EQE7Cf4Y=",
        "owner": "nix-community",
        "repo": "home-manager",
        "rev": "04c915bcf1a1eac3519372ff3185beef053fba7c",
        "type": "github"
      },
      "original": {
        "owner": "nix-community",
        "repo": "home-manager",
        "type": "github"
      }
    },
    "nixos-wsl": {
      "inputs": {
        "flake-compat": "flake-compat",
        "nixpkgs": [
          "nixpkgs"
        ]
      },
      "locked": {
        "lastModified": 1741192150,
        "narHash": "sha256-wB140alXVla1Rw/kENerUoma2qO1Jy5IYWbmiSqmJu0=",
        "owner": "nix-community",
        "repo": "NixOS-WSL",
        "rev": "0e4ccdb8181da2c6193c047b50ffee5f1a3b6dc1",
        "type": "github"
      },
      "original": {
        "owner": "nix-community",
        "ref": "main",
        "repo": "NixOS-WSL",
        "type": "github"
      }
    },
    "nixpkgs": {
      "locked": {
        "lastModified": 1741246872,
        "narHash": "sha256-Q6pMP4a9ed636qilcYX8XUguvKl/0/LGXhHcRI91p0U=",
        "owner": "nixos",
        "repo": "nixpkgs",
        "rev": "10069ef4cf863633f57238f179a0297de84bd8d3",
        "type": "github"
      },
      "original": {
        "owner": "nixos",
        "ref": "nixos-unstable",
        "repo": "nixpkgs",
        "type": "github"
      }
    },
    "root": {
      "inputs": {
        "home-manager": "home-manager",
        "nixos-wsl": "nixos-wsl",
        "nixpkgs": "nixpkgs"
      }
    }
  },
  "root": "root",
  "version": 7
}
