{
  "nodes": {
    "flake-compat": {
      "flake": false,
      "locked": {
        "lastModified": 1733328505,
        "narHash": "sha256-NeCCThCEP3eCl2l/+27kNNK7QrwZB1IJCrXfrbv5oqU=",
        "owner": "edolstra",
        "repo": "flake-compat",
        "rev": "ff81ac966bb2cae68946d5ed5fc4994f96d0ffec",
        "type": "github"
      },
      "original": {
        "owner": "edolstra",
        "repo": "flake-compat",
        "type": "github"
      }
    },
    "home-manager": {
      "inputs": {
        "nixpkgs": [
          "nixpkgs"
        ]
      },
      "locked": {
        "lastModified": 1739845242,
        "narHash": "sha256-rNMXpDubNWGLTs45MuoH9YHtXfXye/fn2u4YMSTPt9I=",
        "owner": "nix-community",
        "repo": "home-manager",
        "rev": "5cfbf5cc37a3bd1da07ae84eea1b828909c4456b",
        "type": "github"
      },
      "original": {
        "owner": "nix-community",
        "repo": "home-manager",
        "type": "github"
      }
    },
    "nixos-wsl": {
      "inputs": {
        "flake-compat": "flake-compat",
        "nixpkgs": [
          "nixpkgs"
        ]
      },
      "locked": {
        "lastModified": 1739782332,
        "narHash": "sha256-bPZKuual2WKfyHv7Wq+Owcj9R+i/qFzOWByqSS9rlxI=",
        "owner": "nix-community",
        "repo": "NixOS-WSL",
        "rev": "59bdbb1e75232bf1dd6d2a9313b9b6ddc5049ba2",
        "type": "github"
      },
      "original": {
        "owner": "nix-community",
        "ref": "main",
        "repo": "NixOS-WSL",
        "type": "github"
      }
    },
    "nixpkgs": {
      "locked": {
        "lastModified": 1739736696,
        "narHash": "sha256-zON2GNBkzsIyALlOCFiEBcIjI4w38GYOb+P+R4S8Jsw=",
        "owner": "nixos",
        "repo": "nixpkgs",
        "rev": "d74a2335ac9c133d6bbec9fc98d91a77f1604c1f",
        "type": "github"
      },
      "original": {
        "owner": "nixos",
        "ref": "nixos-unstable",
        "repo": "nixpkgs",
        "type": "github"
      }
    },
    "root": {
      "inputs": {
        "home-manager": "home-manager",
        "nixos-wsl": "nixos-wsl",
        "nixpkgs": "nixpkgs"
      }
    }
  },
  "root": "root",
  "version": 7
}
